
Microsoft Visual Studio Solution File, Format Version 12.00
# Visual Studio Version 17
VisualStudioVersion = 17.11.35219.272
MinimumVisualStudioVersion = 10.0.40219.1
Project("{FAE04EC0-301F-11D3-BF4B-00C04F79EFBC}") = "PasswordGenerator", "PasswordGenerator\PasswordGenerator.csproj", "{49BF38FB-3780-4861-89ED-3BBF934709F8}"
EndProject
Global
	GlobalSection(SolutionConfigurationPlatforms) = preSolution
		Debug|Any CPU = Debug|Any CPU
		Release|Any CPU = Release|Any CPU
	EndGlobalSection
	GlobalSection(ProjectConfigurationPlatforms) = postSolution
		{49BF38FB-3780-4861-89ED-3BBF934709F8}.Debug|Any CPU.ActiveCfg = Debug|Any CPU
		{49BF38FB-3780-4861-89ED-3BBF934709F8}.Debug|Any CPU.Build.0 = Debug|Any CPU
		{49BF38FB-3780-4861-89ED-3BBF934709F8}.Release|Any CPU.ActiveCfg = Release|Any CPU
		{49BF38FB-3780-4861-89ED-3BBF934709F8}.Release|Any CPU.Build.0 = Release|Any CPU
	EndGlobalSection
	GlobalSection(SolutionProperties) = preSolution
		HideSolutionNode = FALSE
	EndGlobalSection
	GlobalSection(ExtensibilityGlobals) = postSolution
		SolutionGuid = {5FEE2D95-2C17-4E1D-AAA0-4CDC021E58A5}
	EndGlobalSection
EndGlobal
